
Microsoft Visual Studio Solution File, Format Version 12.00
# Visual Studio Version 17
VisualStudioVersion = 17.0.31903.59
MinimumVisualStudioVersion = 10.0.40219.1
Project("{2150E333-8FDC-42A3-9474-1A3956D46DE8}") = "src", "src", "{9E4192CB-DE38-4E77-A92A-D6995F13E0CE}"
EndProject
Project("{2150E333-8FDC-42A3-9474-1A3956D46DE8}") = "tests", "tests", "{D59F0990-1470-4A0E-89B6-C873C7199A0E}"
EndProject
Project("{9A19103F-16F7-4668-BE54-9A1E7A4F7556}") = "Domain", "src\Domain\Domain.csproj", "{47125804-54BD-4432-BD0C-A5F595002E22}"
EndProject
Project("{9A19103F-16F7-4668-BE54-9A1E7A4F7556}") = "Web", "src\Web\Web.csproj", "{9EEDD2CB-0CE7-4079-A54A-85D97BDC4067}"
EndProject
Project("{9A19103F-16F7-4668-BE54-9A1E7A4F7556}") = "Infrastructure", "src\Infrastructure\Infrastructure.csproj", "{4752B6D7-C056-4165-BECE-75749934B124}"
EndProject
Project("{9A19103F-16F7-4668-BE54-9A1E7A4F7556}") = "Application", "src\Application\Application.csproj", "{AD8B06A1-8F04-4322-AF4D-C15D3E31E752}"
EndProject
Project("{9A19103F-16F7-4668-BE54-9A1E7A4F7556}") = "Unit.Tests", "tests\Unit.Tests\Unit.Tests.csproj", "{E0EEF044-9A70-4321-874A-A27227EE88FE}"
EndProject
Global
	GlobalSection(SolutionConfigurationPlatforms) = preSolution
		Debug|Any CPU = Debug|Any CPU
		Release|Any CPU = Release|Any CPU
	EndGlobalSection
	GlobalSection(ProjectConfigurationPlatforms) = postSolution
		{47125804-54BD-4432-BD0C-A5F595002E22}.Debug|Any CPU.ActiveCfg = Debug|Any CPU
		{47125804-54BD-4432-BD0C-A5F595002E22}.Debug|Any CPU.Build.0 = Debug|Any CPU
		{47125804-54BD-4432-BD0C-A5F595002E22}.Release|Any CPU.ActiveCfg = Release|Any CPU
		{47125804-54BD-4432-BD0C-A5F595002E22}.Release|Any CPU.Build.0 = Release|Any CPU
		{9EEDD2CB-0CE7-4079-A54A-85D97BDC4067}.Debug|Any CPU.ActiveCfg = Debug|Any CPU
		{9EEDD2CB-0CE7-4079-A54A-85D97BDC4067}.Debug|Any CPU.Build.0 = Debug|Any CPU
		{9EEDD2CB-0CE7-4079-A54A-85D97BDC4067}.Release|Any CPU.ActiveCfg = Release|Any CPU
		{9EEDD2CB-0CE7-4079-A54A-85D97BDC4067}.Release|Any CPU.Build.0 = Release|Any CPU
		{4752B6D7-C056-4165-BECE-75749934B124}.Debug|Any CPU.ActiveCfg = Debug|Any CPU
		{4752B6D7-C056-4165-BECE-75749934B124}.Debug|Any CPU.Build.0 = Debug|Any CPU
		{4752B6D7-C056-4165-BECE-75749934B124}.Release|Any CPU.ActiveCfg = Release|Any CPU
		{4752B6D7-C056-4165-BECE-75749934B124}.Release|Any CPU.Build.0 = Release|Any CPU
		{AD8B06A1-8F04-4322-AF4D-C15D3E31E752}.Debug|Any CPU.ActiveCfg = Debug|Any CPU
		{AD8B06A1-8F04-4322-AF4D-C15D3E31E752}.Debug|Any CPU.Build.0 = Debug|Any CPU
		{AD8B06A1-8F04-4322-AF4D-C15D3E31E752}.Release|Any CPU.ActiveCfg = Release|Any CPU
		{AD8B06A1-8F04-4322-AF4D-C15D3E31E752}.Release|Any CPU.Build.0 = Release|Any CPU
		{E0EEF044-9A70-4321-874A-A27227EE88FE}.Debug|Any CPU.ActiveCfg = Debug|Any CPU
		{E0EEF044-9A70-4321-874A-A27227EE88FE}.Debug|Any CPU.Build.0 = Debug|Any CPU
		{E0EEF044-9A70-4321-874A-A27227EE88FE}.Release|Any CPU.ActiveCfg = Release|Any CPU
		{E0EEF044-9A70-4321-874A-A27227EE88FE}.Release|Any CPU.Build.0 = Release|Any CPU
	EndGlobalSection
	GlobalSection(SolutionProperties) = preSolution
		HideSolutionNode = FALSE
	EndGlobalSection
	GlobalSection(NestedProjects) = preSolution
		{47125804-54BD-4432-BD0C-A5F595002E22} = {9E4192CB-DE38-4E77-A92A-D6995F13E0CE}
		{9EEDD2CB-0CE7-4079-A54A-85D97BDC4067} = {9E4192CB-DE38-4E77-A92A-D6995F13E0CE}
		{4752B6D7-C056-4165-BECE-75749934B124} = {9E4192CB-DE38-4E77-A92A-D6995F13E0CE}
		{AD8B06A1-8F04-4322-AF4D-C15D3E31E752} = {9E4192CB-DE38-4E77-A92A-D6995F13E0CE}
		{E0EEF044-9A70-4321-874A-A27227EE88FE} = {D59F0990-1470-4A0E-89B6-C873C7199A0E}
	EndGlobalSection
	GlobalSection(ExtensibilityGlobals) = postSolution
		SolutionGuid = {E6F05476-4B6B-4034-A1DA-285A1B5FAD8F}
	EndGlobalSection
EndGlobal
